
Microsoft Visual Studio Solution File, Format Version 12.00
# Visual Studio Version 16
VisualStudioVersion = 16.0.32228.343
MinimumVisualStudioVersion = 10.0.40219.1
Project("{FAE04EC0-301F-11D3-BF4B-00C04F79EFBC}") = "AppQuanLyNV", "AppQuanLyNV\AppQuanLyNV.csproj", "{58A6B666-76E4-497D-9F7E-4131CBEF6918}"
EndProject
Global
	GlobalSection(SolutionConfigurationPlatforms) = preSolution
		Debug|Any CPU = Debug|Any CPU
		Release|Any CPU = Release|Any CPU
	EndGlobalSection
	GlobalSection(ProjectConfigurationPlatforms) = postSolution
		{58A6B666-76E4-497D-9F7E-4131CBEF6918}.Debug|Any CPU.ActiveCfg = Debug|Any CPU
		{58A6B666-76E4-497D-9F7E-4131CBEF6918}.Debug|Any CPU.Build.0 = Debug|Any CPU
		{58A6B666-76E4-497D-9F7E-4131CBEF6918}.Release|Any CPU.ActiveCfg = Release|Any CPU
		{58A6B666-76E4-497D-9F7E-4131CBEF6918}.Release|Any CPU.Build.0 = Release|Any CPU
	EndGlobalSection
	GlobalSection(SolutionProperties) = preSolution
		HideSolutionNode = FALSE
	EndGlobalSection
	GlobalSection(ExtensibilityGlobals) = postSolution
		SolutionGuid = {EA156967-71D8-4CED-B3B9-652F3BBCAD6B}
	EndGlobalSection
EndGlobal
